{
  "name": "portfolio",
  "lockfileVersion": 3,
  "requires": true,
  "packages": {
    "": {
      "dependencies": {
        "fluent-reveal-effect": "^3.0.11"
      }
    },
    "node_modules/fluent-reveal-effect": {
      "version": "3.0.11",
      "resolved": "https://registry.npmjs.org/fluent-reveal-effect/-/fluent-reveal-effect-3.0.11.tgz",
      "integrity": "sha512-USA5Y37RFIxGO0+WeRwznWD3BXJG+KXZWismwz17Jajxlby0OXmlxueQWlQyOoKrY6raTpNyF5yKvqf4OGlEBg=="
    }
  }
}
